
Microsoft Visual Studio Solution File, Format Version 12.00
# Visual Studio Version 17
VisualStudioVersion = 17.9.34728.123
MinimumVisualStudioVersion = 10.0.40219.1
Project("{9A19103F-16F7-4668-BE54-9A1E7A4F7556}") = "SpaceX", "SpaceX\SpaceX.csproj", "{1F1BA41E-D26D-4AB6-B761-FE87A1465CD6}"
EndProject
Project("{9A19103F-16F7-4668-BE54-9A1E7A4F7556}") = "Entity", "Entity\Entity.csproj", "{7912B695-3DA5-4C51-BADE-16BE78DA6F6D}"
EndProject
Project("{9A19103F-16F7-4668-BE54-9A1E7A4F7556}") = "Services", "Services\Services.csproj", "{65C99CC8-158F-485F-A5FF-AC89D112552C}"
EndProject
Project("{9A19103F-16F7-4668-BE54-9A1E7A4F7556}") = "Contracts", "Contracts\Contracts.csproj", "{2D31E464-3B33-4122-88FA-5E5EBE461EF3}"
EndProject
Global
	GlobalSection(SolutionConfigurationPlatforms) = preSolution
		Debug|Any CPU = Debug|Any CPU
		Release|Any CPU = Release|Any CPU
	EndGlobalSection
	GlobalSection(ProjectConfigurationPlatforms) = postSolution
		{1F1BA41E-D26D-4AB6-B761-FE87A1465CD6}.Debug|Any CPU.ActiveCfg = Debug|Any CPU
		{1F1BA41E-D26D-4AB6-B761-FE87A1465CD6}.Debug|Any CPU.Build.0 = Debug|Any CPU
		{1F1BA41E-D26D-4AB6-B761-FE87A1465CD6}.Release|Any CPU.ActiveCfg = Release|Any CPU
		{1F1BA41E-D26D-4AB6-B761-FE87A1465CD6}.Release|Any CPU.Build.0 = Release|Any CPU
		{7912B695-3DA5-4C51-BADE-16BE78DA6F6D}.Debug|Any CPU.ActiveCfg = Debug|Any CPU
		{7912B695-3DA5-4C51-BADE-16BE78DA6F6D}.Debug|Any CPU.Build.0 = Debug|Any CPU
		{7912B695-3DA5-4C51-BADE-16BE78DA6F6D}.Release|Any CPU.ActiveCfg = Release|Any CPU
		{7912B695-3DA5-4C51-BADE-16BE78DA6F6D}.Release|Any CPU.Build.0 = Release|Any CPU
		{65C99CC8-158F-485F-A5FF-AC89D112552C}.Debug|Any CPU.ActiveCfg = Debug|Any CPU
		{65C99CC8-158F-485F-A5FF-AC89D112552C}.Debug|Any CPU.Build.0 = Debug|Any CPU
		{65C99CC8-158F-485F-A5FF-AC89D112552C}.Release|Any CPU.ActiveCfg = Release|Any CPU
		{65C99CC8-158F-485F-A5FF-AC89D112552C}.Release|Any CPU.Build.0 = Release|Any CPU
		{2D31E464-3B33-4122-88FA-5E5EBE461EF3}.Debug|Any CPU.ActiveCfg = Debug|Any CPU
		{2D31E464-3B33-4122-88FA-5E5EBE461EF3}.Debug|Any CPU.Build.0 = Debug|Any CPU
		{2D31E464-3B33-4122-88FA-5E5EBE461EF3}.Release|Any CPU.ActiveCfg = Release|Any CPU
		{2D31E464-3B33-4122-88FA-5E5EBE461EF3}.Release|Any CPU.Build.0 = Release|Any CPU
	EndGlobalSection
	GlobalSection(SolutionProperties) = preSolution
		HideSolutionNode = FALSE
	EndGlobalSection
	GlobalSection(ExtensibilityGlobals) = postSolution
		SolutionGuid = {FF0A8F4B-D243-4A90-A2B3-E593A3DAC7D3}
	EndGlobalSection
EndGlobal
